
Microsoft Visual Studio Solution File, Format Version 12.00
# Visual Studio Version 16
VisualStudioVersion = 16.0.30621.155
MinimumVisualStudioVersion = 10.0.40219.1
Project("{FAE04EC0-301F-11D3-BF4B-00C04F79EFBC}") = "LexicalFina", "LexicalFina.csproj", "{B11C711D-1B00-4672-B09A-CE824D795946}"
EndProject
Global
	GlobalSection(SolutionConfigurationPlatforms) = preSolution
		Debug|Any CPU = Debug|Any CPU
		Release|Any CPU = Release|Any CPU
	EndGlobalSection
	GlobalSection(ProjectConfigurationPlatforms) = postSolution
		{B11C711D-1B00-4672-B09A-CE824D795946}.Debug|Any CPU.ActiveCfg = Debug|Any CPU
		{B11C711D-1B00-4672-B09A-CE824D795946}.Debug|Any CPU.Build.0 = Debug|Any CPU
		{B11C711D-1B00-4672-B09A-CE824D795946}.Release|Any CPU.ActiveCfg = Release|Any CPU
		{B11C711D-1B00-4672-B09A-CE824D795946}.Release|Any CPU.Build.0 = Release|Any CPU
	EndGlobalSection
	GlobalSection(SolutionProperties) = preSolution
		HideSolutionNode = FALSE
	EndGlobalSection
	GlobalSection(ExtensibilityGlobals) = postSolution
		SolutionGuid = {39C4B3CE-1C26-44F2-B145-D284A56EFC24}
	EndGlobalSection
EndGlobal
