
Microsoft Visual Studio Solution File, Format Version 12.00
# Visual Studio Version 16
VisualStudioVersion = 16.0.30907.101
MinimumVisualStudioVersion = 10.0.40219.1
Project("{FAE04EC0-301F-11D3-BF4B-00C04F79EFBC}") = "SyntaxAnalyzer", "SyntaxAnalyzer.csproj", "{A9DB6A88-7064-41DA-A7F9-46AFB045F2FB}"
EndProject
Global
	GlobalSection(SolutionConfigurationPlatforms) = preSolution
		Debug|Any CPU = Debug|Any CPU
		Release|Any CPU = Release|Any CPU
	EndGlobalSection
	GlobalSection(ProjectConfigurationPlatforms) = postSolution
		{A9DB6A88-7064-41DA-A7F9-46AFB045F2FB}.Debug|Any CPU.ActiveCfg = Debug|Any CPU
		{A9DB6A88-7064-41DA-A7F9-46AFB045F2FB}.Debug|Any CPU.Build.0 = Debug|Any CPU
		{A9DB6A88-7064-41DA-A7F9-46AFB045F2FB}.Release|Any CPU.ActiveCfg = Release|Any CPU
		{A9DB6A88-7064-41DA-A7F9-46AFB045F2FB}.Release|Any CPU.Build.0 = Release|Any CPU
	EndGlobalSection
	GlobalSection(SolutionProperties) = preSolution
		HideSolutionNode = FALSE
	EndGlobalSection
	GlobalSection(ExtensibilityGlobals) = postSolution
		SolutionGuid = {F9DE5999-6D8B-44DC-9C19-CAADF60B0EFB}
	EndGlobalSection
EndGlobal
